// !$*UTF8*$!
{
	archiveVersion = 1;
	classes = {
	};
	objectVersion = 48;
	objects = {

/* Begin PBXBuildFile section */
		9F7AC5C22029B7A500D4D2E4 /* PinboardAPIClient.swift in Sources */ = {isa = PBXBuildFile; fileRef = 9F7AC5C12029B7A500D4D2E4 /* PinboardAPIClient.swift */; };
		9F7AC5C42029B99900D4D2E4 /* LoginViewController.swift in Sources */ = {isa = PBXBuildFile; fileRef = 9F7AC5C32029B99900D4D2E4 /* LoginViewController.swift */; };
		9FF7F7B62029B36200FA8500 /* AppDelegate.swift in Sources */ = {isa = PBXBuildFile; fileRef = 9FF7F7B52029B36200FA8500 /* AppDelegate.swift */; };
		9FF7F7B92029B36200FA8500 /* pinboard_ios.xcdatamodeld in Sources */ = {isa = PBXBuildFile; fileRef = 9FF7F7B72029B36200FA8500 /* pinboard_ios.xcdatamodeld */; };
		9FF7F7BB2029B36200FA8500 /* MasterViewController.swift in Sources */ = {isa = PBXBuildFile; fileRef = 9FF7F7BA2029B36200FA8500 /* MasterViewController.swift */; };
		9FF7F7BD2029B36200FA8500 /* DetailViewController.swift in Sources */ = {isa = PBXBuildFile; fileRef = 9FF7F7BC2029B36200FA8500 /* DetailViewController.swift */; };
		9FF7F7C02029B36200FA8500 /* Main.storyboard in Resources */ = {isa = PBXBuildFile; fileRef = 9FF7F7BE2029B36200FA8500 /* Main.storyboard */; };
		9FF7F7C22029B36200FA8500 /* Assets.xcassets in Resources */ = {isa = PBXBuildFile; fileRef = 9FF7F7C12029B36200FA8500 /* Assets.xcassets */; };
		9FF7F7C52029B36200FA8500 /* LaunchScreen.storyboard in Resources */ = {isa = PBXBuildFile; fileRef = 9FF7F7C32029B36200FA8500 /* LaunchScreen.storyboard */; };
		9FF7F7D02029B36200FA8500 /* pinboard_iosTests.swift in Sources */ = {isa = PBXBuildFile; fileRef = 9FF7F7CF2029B36200FA8500 /* pinboard_iosTests.swift */; };
		9FF7F7E02029B6BD00FA8500 /* Teapot.framework in Frameworks */ = {isa = PBXBuildFile; fileRef = 9FF7F7DC2029B6BD00FA8500 /* Teapot.framework */; };
		9FF7F7E12029B6BD00FA8500 /* SweetFoundation.framework in Frameworks */ = {isa = PBXBuildFile; fileRef = 9FF7F7DD2029B6BD00FA8500 /* SweetFoundation.framework */; };
		9FF7F7E22029B6BD00FA8500 /* SweetSwift.framework in Frameworks */ = {isa = PBXBuildFile; fileRef = 9FF7F7DE2029B6BD00FA8500 /* SweetSwift.framework */; };
		9FF7F7E32029B6BD00FA8500 /* SweetUIKit.framework in Frameworks */ = {isa = PBXBuildFile; fileRef = 9FF7F7DF2029B6BD00FA8500 /* SweetUIKit.framework */; };
/* End PBXBuildFile section */

/* Begin PBXContainerItemProxy section */
		9FF7F7CC2029B36200FA8500 /* PBXContainerItemProxy */ = {
			isa = PBXContainerItemProxy;
			containerPortal = 9FF7F7AA2029B36200FA8500 /* Project object */;
			proxyType = 1;
			remoteGlobalIDString = 9FF7F7B12029B36200FA8500;
			remoteInfo = "pinboard-ios";
		};
/* End PBXContainerItemProxy section */

/* Begin PBXFileReference section */
		9F7AC5C12029B7A500D4D2E4 /* PinboardAPIClient.swift */ = {isa = PBXFileReference; lastKnownFileType = sourcecode.swift; path = PinboardAPIClient.swift; sourceTree = "<group>"; };
		9F7AC5C32029B99900D4D2E4 /* LoginViewController.swift */ = {isa = PBXFileReference; lastKnownFileType = sourcecode.swift; path = LoginViewController.swift; sourceTree = "<group>"; };
		9FF7F7B22029B36200FA8500 /* pinboard-ios.app */ = {isa = PBXFileReference; explicitFileType = wrapper.application; includeInIndex = 0; path = "pinboard-ios.app"; sourceTree = BUILT_PRODUCTS_DIR; };
		9FF7F7B52029B36200FA8500 /* AppDelegate.swift */ = {isa = PBXFileReference; lastKnownFileType = sourcecode.swift; path = AppDelegate.swift; sourceTree = "<group>"; };
		9FF7F7B82029B36200FA8500 /* pinboard_ios.xcdatamodel */ = {isa = PBXFileReference; lastKnownFileType = wrapper.xcdatamodel; path = pinboard_ios.xcdatamodel; sourceTree = "<group>"; };
		9FF7F7BA2029B36200FA8500 /* MasterViewController.swift */ = {isa = PBXFileReference; lastKnownFileType = sourcecode.swift; path = MasterViewController.swift; sourceTree = "<group>"; };
		9FF7F7BC2029B36200FA8500 /* DetailViewController.swift */ = {isa = PBXFileReference; lastKnownFileType = sourcecode.swift; path = DetailViewController.swift; sourceTree = "<group>"; };
		9FF7F7BF2029B36200FA8500 /* Base */ = {isa = PBXFileReference; lastKnownFileType = file.storyboard; name = Base; path = Base.lproj/Main.storyboard; sourceTree = "<group>"; };
		9FF7F7C12029B36200FA8500 /* Assets.xcassets */ = {isa = PBXFileReference; lastKnownFileType = folder.assetcatalog; path = Assets.xcassets; sourceTree = "<group>"; };
		9FF7F7C42029B36200FA8500 /* Base */ = {isa = PBXFileReference; lastKnownFileType = file.storyboard; name = Base; path = Base.lproj/LaunchScreen.storyboard; sourceTree = "<group>"; };
		9FF7F7C62029B36200FA8500 /* Info.plist */ = {isa = PBXFileReference; lastKnownFileType = text.plist.xml; path = Info.plist; sourceTree = "<group>"; };
		9FF7F7CB2029B36200FA8500 /* pinboard-iosTests.xctest */ = {isa = PBXFileReference; explicitFileType = wrapper.cfbundle; includeInIndex = 0; path = "pinboard-iosTests.xctest"; sourceTree = BUILT_PRODUCTS_DIR; };
		9FF7F7CF2029B36200FA8500 /* pinboard_iosTests.swift */ = {isa = PBXFileReference; lastKnownFileType = sourcecode.swift; path = pinboard_iosTests.swift; sourceTree = "<group>"; };
		9FF7F7D12029B36200FA8500 /* Info.plist */ = {isa = PBXFileReference; lastKnownFileType = text.plist.xml; path = Info.plist; sourceTree = "<group>"; };
		9FF7F7DC2029B6BD00FA8500 /* Teapot.framework */ = {isa = PBXFileReference; lastKnownFileType = wrapper.framework; name = Teapot.framework; path = Carthage/Build/iOS/Teapot.framework; sourceTree = SOURCE_ROOT; };
		9FF7F7DD2029B6BD00FA8500 /* SweetFoundation.framework */ = {isa = PBXFileReference; lastKnownFileType = wrapper.framework; name = SweetFoundation.framework; path = Carthage/Build/iOS/SweetFoundation.framework; sourceTree = SOURCE_ROOT; };
		9FF7F7DE2029B6BD00FA8500 /* SweetSwift.framework */ = {isa = PBXFileReference; lastKnownFileType = wrapper.framework; name = SweetSwift.framework; path = Carthage/Build/iOS/SweetSwift.framework; sourceTree = SOURCE_ROOT; };
		9FF7F7DF2029B6BD00FA8500 /* SweetUIKit.framework */ = {isa = PBXFileReference; lastKnownFileType = wrapper.framework; name = SweetUIKit.framework; path = Carthage/Build/iOS/SweetUIKit.framework; sourceTree = SOURCE_ROOT; };
/* End PBXFileReference section */

/* Begin PBXFrameworksBuildPhase section */
		9FF7F7AF2029B36200FA8500 /* Frameworks */ = {
			isa = PBXFrameworksBuildPhase;
			buildActionMask = 2147483647;
			files = (
				9FF7F7E12029B6BD00FA8500 /* SweetFoundation.framework in Frameworks */,
				9FF7F7E02029B6BD00FA8500 /* Teapot.framework in Frameworks */,
				9FF7F7E32029B6BD00FA8500 /* SweetUIKit.framework in Frameworks */,
				9FF7F7E22029B6BD00FA8500 /* SweetSwift.framework in Frameworks */,
			);
			runOnlyForDeploymentPostprocessing = 0;
		};
		9FF7F7C82029B36200FA8500 /* Frameworks */ = {
			isa = PBXFrameworksBuildPhase;
			buildActionMask = 2147483647;
			files = (
			);
			runOnlyForDeploymentPostprocessing = 0;
		};
/* End PBXFrameworksBuildPhase section */

/* Begin PBXGroup section */
		9F7AC5C02029B79000D4D2E4 /* Models */ = {
			isa = PBXGroup;
			children = (
				9F7AC5C12029B7A500D4D2E4 /* PinboardAPIClient.swift */,
			);
			path = Models;
			sourceTree = "<group>";
		};
		9FF7F7A92029B36200FA8500 = {
			isa = PBXGroup;
			children = (
				9FF7F7B42029B36200FA8500 /* pinboard-ios */,
				9FF7F7CE2029B36200FA8500 /* pinboard-iosTests */,
				9FF7F7B32029B36200FA8500 /* Products */,
			);
			sourceTree = "<group>";
		};
		9FF7F7B32029B36200FA8500 /* Products */ = {
			isa = PBXGroup;
			children = (
				9FF7F7B22029B36200FA8500 /* pinboard-ios.app */,
				9FF7F7CB2029B36200FA8500 /* pinboard-iosTests.xctest */,
			);
			name = Products;
			sourceTree = "<group>";
		};
		9FF7F7B42029B36200FA8500 /* pinboard-ios */ = {
			isa = PBXGroup;
			children = (
				9F7AC5C02029B79000D4D2E4 /* Models */,
				9FF7F7B52029B36200FA8500 /* AppDelegate.swift */,
				9F7AC5C32029B99900D4D2E4 /* LoginViewController.swift */,
				9FF7F7BA2029B36200FA8500 /* MasterViewController.swift */,
				9FF7F7BC2029B36200FA8500 /* DetailViewController.swift */,
				9FF7F7DB2029B6B400FA8500 /* Frameworks */,
				9FF7F7DA2029B6AB00FA8500 /* Resources */,
			);
			path = "pinboard-ios";
			sourceTree = "<group>";
		};
		9FF7F7CE2029B36200FA8500 /* pinboard-iosTests */ = {
			isa = PBXGroup;
			children = (
				9FF7F7CF2029B36200FA8500 /* pinboard_iosTests.swift */,
				9FF7F7D12029B36200FA8500 /* Info.plist */,
			);
			path = "pinboard-iosTests";
			sourceTree = "<group>";
		};
		9FF7F7DA2029B6AB00FA8500 /* Resources */ = {
			isa = PBXGroup;
			children = (
				9FF7F7BE2029B36200FA8500 /* Main.storyboard */,
				9FF7F7C12029B36200FA8500 /* Assets.xcassets */,
				9FF7F7C32029B36200FA8500 /* LaunchScreen.storyboard */,
				9FF7F7C62029B36200FA8500 /* Info.plist */,
				9FF7F7B72029B36200FA8500 /* pinboard_ios.xcdatamodeld */,
			);
			path = Resources;
			sourceTree = "<group>";
		};
		9FF7F7DB2029B6B400FA8500 /* Frameworks */ = {
			isa = PBXGroup;
			children = (
				9FF7F7DD2029B6BD00FA8500 /* SweetFoundation.framework */,
				9FF7F7DE2029B6BD00FA8500 /* SweetSwift.framework */,
				9FF7F7DF2029B6BD00FA8500 /* SweetUIKit.framework */,
				9FF7F7DC2029B6BD00FA8500 /* Teapot.framework */,
			);
			path = Frameworks;
			sourceTree = "<group>";
		};
/* End PBXGroup section */

/* Begin PBXNativeTarget section */
		9FF7F7B12029B36200FA8500 /* pinboard-ios */ = {
			isa = PBXNativeTarget;
			buildConfigurationList = 9FF7F7D42029B36200FA8500 /* Build configuration list for PBXNativeTarget "pinboard-ios" */;
			buildPhases = (
				9FF7F7AE2029B36200FA8500 /* Sources */,
				9FF7F7AF2029B36200FA8500 /* Frameworks */,
				9FF7F7B02029B36200FA8500 /* Resources */,
				9FF7F7E42029B6C500FA8500 /* Carthage copy frameworks */,
			);
			buildRules = (
			);
			dependencies = (
			);
			name = "pinboard-ios";
			productName = "pinboard-ios";
			productReference = 9FF7F7B22029B36200FA8500 /* pinboard-ios.app */;
			productType = "com.apple.product-type.application";
		};
		9FF7F7CA2029B36200FA8500 /* pinboard-iosTests */ = {
			isa = PBXNativeTarget;
			buildConfigurationList = 9FF7F7D72029B36200FA8500 /* Build configuration list for PBXNativeTarget "pinboard-iosTests" */;
			buildPhases = (
				9FF7F7C72029B36200FA8500 /* Sources */,
				9FF7F7C82029B36200FA8500 /* Frameworks */,
				9FF7F7C92029B36200FA8500 /* Resources */,
			);
			buildRules = (
			);
			dependencies = (
				9FF7F7CD2029B36200FA8500 /* PBXTargetDependency */,
			);
			name = "pinboard-iosTests";
			productName = "pinboard-iosTests";
			productReference = 9FF7F7CB2029B36200FA8500 /* pinboard-iosTests.xctest */;
			productType = "com.apple.product-type.bundle.unit-test";
		};
/* End PBXNativeTarget section */

/* Begin PBXProject section */
		9FF7F7AA2029B36200FA8500 /* Project object */ = {
			isa = PBXProject;
			attributes = {
				LastSwiftUpdateCheck = 0920;
				LastUpgradeCheck = 0920;
				ORGANIZATIONNAME = "Bakken & Bæck";
				TargetAttributes = {
					9FF7F7B12029B36200FA8500 = {
						CreatedOnToolsVersion = 9.2;
						ProvisioningStyle = Automatic;
					};
					9FF7F7CA2029B36200FA8500 = {
						CreatedOnToolsVersion = 9.2;
						ProvisioningStyle = Automatic;
						TestTargetID = 9FF7F7B12029B36200FA8500;
					};
				};
			};
			buildConfigurationList = 9FF7F7AD2029B36200FA8500 /* Build configuration list for PBXProject "pinboard-ios" */;
			compatibilityVersion = "Xcode 8.0";
			developmentRegion = en;
			hasScannedForEncodings = 0;
			knownRegions = (
				en,
				Base,
			);
			mainGroup = 9FF7F7A92029B36200FA8500;
			productRefGroup = 9FF7F7B32029B36200FA8500 /* Products */;
			projectDirPath = "";
			projectRoot = "";
			targets = (
				9FF7F7B12029B36200FA8500 /* pinboard-ios */,
				9FF7F7CA2029B36200FA8500 /* pinboard-iosTests */,
			);
		};
/* End PBXProject section */

/* Begin PBXResourcesBuildPhase section */
		9FF7F7B02029B36200FA8500 /* Resources */ = {
			isa = PBXResourcesBuildPhase;
			buildActionMask = 2147483647;
			files = (
				9FF7F7C52029B36200FA8500 /* LaunchScreen.storyboard in Resources */,
				9FF7F7C22029B36200FA8500 /* Assets.xcassets in Resources */,
				9FF7F7C02029B36200FA8500 /* Main.storyboard in Resources */,
			);
			runOnlyForDeploymentPostprocessing = 0;
		};
		9FF7F7C92029B36200FA8500 /* Resources */ = {
			isa = PBXResourcesBuildPhase;
			buildActionMask = 2147483647;
			files = (
			);
			runOnlyForDeploymentPostprocessing = 0;
		};
/* End PBXResourcesBuildPhase section */

/* Begin PBXShellScriptBuildPhase section */
		9FF7F7E42029B6C500FA8500 /* Carthage copy frameworks */ = {
			isa = PBXShellScriptBuildPhase;
			buildActionMask = 2147483647;
			files = (
			);
			inputPaths = (
				"$(SRCROOT)/Carthage/Build/iOS/Teapot.framework",
				"$(SRCROOT)/Carthage/Build/iOS/SweetUIKit.framework",
				"$(SRCROOT)/Carthage/Build/iOS/SweetSwift.framework",
				"$(SRCROOT)/Carthage/Build/iOS/SweetFoundation.framework",
			);
			name = "Carthage copy frameworks";
			outputPaths = (
			);
			runOnlyForDeploymentPostprocessing = 0;
			shellPath = /bin/sh;
			shellScript = "/usr/local/bin/carthage copy-frameworks ";
		};
/* End PBXShellScriptBuildPhase section */

/* Begin PBXSourcesBuildPhase section */
		9FF7F7AE2029B36200FA8500 /* Sources */ = {
			isa = PBXSourcesBuildPhase;
			buildActionMask = 2147483647;
			files = (
				9F7AC5C42029B99900D4D2E4 /* LoginViewController.swift in Sources */,
				9FF7F7B92029B36200FA8500 /* pinboard_ios.xcdatamodeld in Sources */,
				9F7AC5C22029B7A500D4D2E4 /* PinboardAPIClient.swift in Sources */,
				9FF7F7B62029B36200FA8500 /* AppDelegate.swift in Sources */,
				9FF7F7BB2029B36200FA8500 /* MasterViewController.swift in Sources */,
				9FF7F7BD2029B36200FA8500 /* DetailViewController.swift in Sources */,
			);
			runOnlyForDeploymentPostprocessing = 0;
		};
		9FF7F7C72029B36200FA8500 /* Sources */ = {
			isa = PBXSourcesBuildPhase;
			buildActionMask = 2147483647;
			files = (
				9FF7F7D02029B36200FA8500 /* pinboard_iosTests.swift in Sources */,
			);
			runOnlyForDeploymentPostprocessing = 0;
		};
/* End PBXSourcesBuildPhase section */

/* Begin PBXTargetDependency section */
		9FF7F7CD2029B36200FA8500 /* PBXTargetDependency */ = {
			isa = PBXTargetDependency;
			target = 9FF7F7B12029B36200FA8500 /* pinboard-ios */;
			targetProxy = 9FF7F7CC2029B36200FA8500 /* PBXContainerItemProxy */;
		};
/* End PBXTargetDependency section */

/* Begin PBXVariantGroup section */
		9FF7F7BE2029B36200FA8500 /* Main.storyboard */ = {
			isa = PBXVariantGroup;
			children = (
				9FF7F7BF2029B36200FA8500 /* Base */,
			);
			name = Main.storyboard;
			sourceTree = "<group>";
		};
		9FF7F7C32029B36200FA8500 /* LaunchScreen.storyboard */ = {
			isa = PBXVariantGroup;
			children = (
				9FF7F7C42029B36200FA8500 /* Base */,
			);
			name = LaunchScreen.storyboard;
			sourceTree = "<group>";
		};
/* End PBXVariantGroup section */

/* Begin XCBuildConfiguration section */
		9FF7F7D22029B36200FA8500 /* Debug */ = {
			isa = XCBuildConfiguration;
			buildSettings = {
				ALWAYS_SEARCH_USER_PATHS = NO;
				CLANG_ANALYZER_NONNULL = YES;
				CLANG_ANALYZER_NUMBER_OBJECT_CONVERSION = YES_AGGRESSIVE;
				CLANG_CXX_LANGUAGE_STANDARD = "gnu++14";
				CLANG_CXX_LIBRARY = "libc++";
				CLANG_ENABLE_MODULES = YES;
				CLANG_ENABLE_OBJC_ARC = YES;
				CLANG_WARN_BLOCK_CAPTURE_AUTORELEASING = YES;
				CLANG_WARN_BOOL_CONVERSION = YES;
				CLANG_WARN_COMMA = YES;
				CLANG_WARN_CONSTANT_CONVERSION = YES;
				CLANG_WARN_DIRECT_OBJC_ISA_USAGE = YES_ERROR;
				CLANG_WARN_DOCUMENTATION_COMMENTS = YES;
				CLANG_WARN_EMPTY_BODY = YES;
				CLANG_WARN_ENUM_CONVERSION = YES;
				CLANG_WARN_INFINITE_RECURSION = YES;
				CLANG_WARN_INT_CONVERSION = YES;
				CLANG_WARN_NON_LITERAL_NULL_CONVERSION = YES;
				CLANG_WARN_OBJC_LITERAL_CONVERSION = YES;
				CLANG_WARN_OBJC_ROOT_CLASS = YES_ERROR;
				CLANG_WARN_RANGE_LOOP_ANALYSIS = YES;
				CLANG_WARN_STRICT_PROTOTYPES = YES;
				CLANG_WARN_SUSPICIOUS_MOVE = YES;
				CLANG_WARN_UNGUARDED_AVAILABILITY = YES_AGGRESSIVE;
				CLANG_WARN_UNREACHABLE_CODE = YES;
				CLANG_WARN__DUPLICATE_METHOD_MATCH = YES;
				CODE_SIGN_IDENTITY = "iPhone Developer";
				COPY_PHASE_STRIP = NO;
				DEBUG_INFORMATION_FORMAT = dwarf;
				ENABLE_STRICT_OBJC_MSGSEND = YES;
				ENABLE_TESTABILITY = YES;
				GCC_C_LANGUAGE_STANDARD = gnu11;
				GCC_DYNAMIC_NO_PIC = NO;
				GCC_NO_COMMON_BLOCKS = YES;
				GCC_OPTIMIZATION_LEVEL = 0;
				GCC_PREPROCESSOR_DEFINITIONS = (
					"DEBUG=1",
					"$(inherited)",
				);
				GCC_WARN_64_TO_32_BIT_CONVERSION = YES;
				GCC_WARN_ABOUT_RETURN_TYPE = YES_ERROR;
				GCC_WARN_UNDECLARED_SELECTOR = YES;
				GCC_WARN_UNINITIALIZED_AUTOS = YES_AGGRESSIVE;
				GCC_WARN_UNUSED_FUNCTION = YES;
				GCC_WARN_UNUSED_VARIABLE = YES;
				IPHONEOS_DEPLOYMENT_TARGET = 11.2;
				MTL_ENABLE_DEBUG_INFO = YES;
				ONLY_ACTIVE_ARCH = YES;
				SDKROOT = iphoneos;
				SWIFT_ACTIVE_COMPILATION_CONDITIONS = DEBUG;
				SWIFT_OPTIMIZATION_LEVEL = "-Onone";
			};
			name = Debug;
		};
		9FF7F7D32029B36200FA8500 /* Release */ = {
			isa = XCBuildConfiguration;
			buildSettings = {
				ALWAYS_SEARCH_USER_PATHS = NO;
				CLANG_ANALYZER_NONNULL = YES;
				CLANG_ANALYZER_NUMBER_OBJECT_CONVERSION = YES_AGGRESSIVE;
				CLANG_CXX_LANGUAGE_STANDARD = "gnu++14";
				CLANG_CXX_LIBRARY = "libc++";
				CLANG_ENABLE_MODULES = YES;
				CLANG_ENABLE_OBJC_ARC = YES;
				CLANG_WARN_BLOCK_CAPTURE_AUTORELEASING = YES;
				CLANG_WARN_BOOL_CONVERSION = YES;
				CLANG_WARN_COMMA = YES;
				CLANG_WARN_CONSTANT_CONVERSION = YES;
				CLANG_WARN_DIRECT_OBJC_ISA_USAGE = YES_ERROR;
				CLANG_WARN_DOCUMENTATION_COMMENTS = YES;
				CLANG_WARN_EMPTY_BODY = YES;
				CLANG_WARN_ENUM_CONVERSION = YES;
				CLANG_WARN_INFINITE_RECURSION = YES;
				CLANG_WARN_INT_CONVERSION = YES;
				CLANG_WARN_NON_LITERAL_NULL_CONVERSION = YES;
				CLANG_WARN_OBJC_LITERAL_CONVERSION = YES;
				CLANG_WARN_OBJC_ROOT_CLASS = YES_ERROR;
				CLANG_WARN_RANGE_LOOP_ANALYSIS = YES;
				CLANG_WARN_STRICT_PROTOTYPES = YES;
				CLANG_WARN_SUSPICIOUS_MOVE = YES;
				CLANG_WARN_UNGUARDED_AVAILABILITY = YES_AGGRESSIVE;
				CLANG_WARN_UNREACHABLE_CODE = YES;
				CLANG_WARN__DUPLICATE_METHOD_MATCH = YES;
				CODE_SIGN_IDENTITY = "iPhone Developer";
				COPY_PHASE_STRIP = NO;
				DEBUG_INFORMATION_FORMAT = "dwarf-with-dsym";
				ENABLE_NS_ASSERTIONS = NO;
				ENABLE_STRICT_OBJC_MSGSEND = YES;
				GCC_C_LANGUAGE_STANDARD = gnu11;
				GCC_NO_COMMON_BLOCKS = YES;
				GCC_WARN_64_TO_32_BIT_CONVERSION = YES;
				GCC_WARN_ABOUT_RETURN_TYPE = YES_ERROR;
				GCC_WARN_UNDECLARED_SELECTOR = YES;
				GCC_WARN_UNINITIALIZED_AUTOS = YES_AGGRESSIVE;
				GCC_WARN_UNUSED_FUNCTION = YES;
				GCC_WARN_UNUSED_VARIABLE = YES;
				IPHONEOS_DEPLOYMENT_TARGET = 11.2;
				MTL_ENABLE_DEBUG_INFO = NO;
				SDKROOT = iphoneos;
				SWIFT_OPTIMIZATION_LEVEL = "-Owholemodule";
				VALIDATE_PRODUCT = YES;
			};
			name = Release;
		};
		9FF7F7D52029B36200FA8500 /* Debug */ = {
			isa = XCBuildConfiguration;
			buildSettings = {
				ASSETCATALOG_COMPILER_APPICON_NAME = AppIcon;
				CODE_SIGN_STYLE = Automatic;
				DEVELOPMENT_TEAM = 29X3GG489T;
				FRAMEWORK_SEARCH_PATHS = (
					"$(inherited)",
					"$(PROJECT_DIR)/Carthage/Build/iOS",
				);
				INFOPLIST_FILE = "pinboard-ios/Resources/Info.plist";
				LD_RUNPATH_SEARCH_PATHS = "$(inherited) @executable_path/Frameworks";
				PRODUCT_BUNDLE_IDENTIFIER = "no.bakkenbaeck.pinboard-ios";
				PRODUCT_NAME = "$(TARGET_NAME)";
				SWIFT_VERSION = 4.0;
				TARGETED_DEVICE_FAMILY = 1;
			};
			name = Debug;
		};
		9FF7F7D62029B36200FA8500 /* Release */ = {
			isa = XCBuildConfiguration;
			buildSettings = {
				ASSETCATALOG_COMPILER_APPICON_NAME = AppIcon;
				CODE_SIGN_STYLE = Automatic;
				DEVELOPMENT_TEAM = 29X3GG489T;
				FRAMEWORK_SEARCH_PATHS = (
					"$(inherited)",
					"$(PROJECT_DIR)/Carthage/Build/iOS",
				);
				INFOPLIST_FILE = "pinboard-ios/Resources/Info.plist";
				LD_RUNPATH_SEARCH_PATHS = "$(inherited) @executable_path/Frameworks";
				PRODUCT_BUNDLE_IDENTIFIER = "no.bakkenbaeck.pinboard-ios";
				PRODUCT_NAME = "$(TARGET_NAME)";
				SWIFT_VERSION = 4.0;
				TARGETED_DEVICE_FAMILY = 1;
			};
			name = Release;
		};
		9FF7F7D82029B36200FA8500 /* Debug */ = {
			isa = XCBuildConfiguration;
			buildSettings = {
				ALWAYS_EMBED_SWIFT_STANDARD_LIBRARIES = YES;
				BUNDLE_LOADER = "$(TEST_HOST)";
				CODE_SIGN_STYLE = Automatic;
				DEVELOPMENT_TEAM = 29X3GG489T;
				INFOPLIST_FILE = "pinboard-iosTests/Info.plist";
				LD_RUNPATH_SEARCH_PATHS = "$(inherited) @executable_path/Frameworks @loader_path/Frameworks";
				PRODUCT_BUNDLE_IDENTIFIER = "no.bakkenbaeck.pinboard-iosTests";
				PRODUCT_NAME = "$(TARGET_NAME)";
				SWIFT_VERSION = 4.0;
				TARGETED_DEVICE_FAMILY = "1,2";
				TEST_HOST = "$(BUILT_PRODUCTS_DIR)/pinboard-ios.app/pinboard-ios";
			};
			name = Debug;
		};
		9FF7F7D92029B36200FA8500 /* Release */ = {
			isa = XCBuildConfiguration;
			buildSettings = {
				ALWAYS_EMBED_SWIFT_STANDARD_LIBRARIES = YES;
				BUNDLE_LOADER = "$(TEST_HOST)";
				CODE_SIGN_STYLE = Automatic;
				DEVELOPMENT_TEAM = 29X3GG489T;
				INFOPLIST_FILE = "pinboard-iosTests/Info.plist";
				LD_RUNPATH_SEARCH_PATHS = "$(inherited) @executable_path/Frameworks @loader_path/Frameworks";
				PRODUCT_BUNDLE_IDENTIFIER = "no.bakkenbaeck.pinboard-iosTests";
				PRODUCT_NAME = "$(TARGET_NAME)";
				SWIFT_VERSION = 4.0;
				TARGETED_DEVICE_FAMILY = "1,2";
				TEST_HOST = "$(BUILT_PRODUCTS_DIR)/pinboard-ios.app/pinboard-ios";
			};
			name = Release;
		};
/* End XCBuildConfiguration section */

/* Begin XCConfigurationList section */
		9FF7F7AD2029B36200FA8500 /* Build configuration list for PBXProject "pinboard-ios" */ = {
			isa = XCConfigurationList;
			buildConfigurations = (
				9FF7F7D22029B36200FA8500 /* Debug */,
				9FF7F7D32029B36200FA8500 /* Release */,
			);
			defaultConfigurationIsVisible = 0;
			defaultConfigurationName = Release;
		};
		9FF7F7D42029B36200FA8500 /* Build configuration list for PBXNativeTarget "pinboard-ios" */ = {
			isa = XCConfigurationList;
			buildConfigurations = (
				9FF7F7D52029B36200FA8500 /* Debug */,
				9FF7F7D62029B36200FA8500 /* Release */,
			);
			defaultConfigurationIsVisible = 0;
			defaultConfigurationName = Release;
		};
		9FF7F7D72029B36200FA8500 /* Build configuration list for PBXNativeTarget "pinboard-iosTests" */ = {
			isa = XCConfigurationList;
			buildConfigurations = (
				9FF7F7D82029B36200FA8500 /* Debug */,
				9FF7F7D92029B36200FA8500 /* Release */,
			);
			defaultConfigurationIsVisible = 0;
			defaultConfigurationName = Release;
		};
/* End XCConfigurationList section */

/* Begin XCVersionGroup section */
		9FF7F7B72029B36200FA8500 /* pinboard_ios.xcdatamodeld */ = {
			isa = XCVersionGroup;
			children = (
				9FF7F7B82029B36200FA8500 /* pinboard_ios.xcdatamodel */,
			);
			currentVersion = 9FF7F7B82029B36200FA8500 /* pinboard_ios.xcdatamodel */;
			path = pinboard_ios.xcdatamodeld;
			sourceTree = "<group>";
			versionGroupType = wrapper.xcdatamodel;
		};
/* End XCVersionGroup section */
	};
	rootObject = 9FF7F7AA2029B36200FA8500 /* Project object */;
}
